
Microsoft Visual Studio Solution File, Format Version 12.00
# Visual Studio 2012
Project("{E24C65DC-7377-472B-9ABA-BC803B73C61A}") = "OnlineBloodBank", ".", "{0483BE5A-66F7-488F-AA57-F7B8AA0AC4EF}"
	ProjectSection(WebsiteProperties) = preProject
		TargetFrameworkMoniker = ".NETFramework,Version%3Dv4.5"
		Debug.AspNetCompiler.VirtualPath = "/OnlineBloodBank"
		Debug.AspNetCompiler.PhysicalPath = "..\OnlineBloodBank\"
		Debug.AspNetCompiler.TargetPath = "PrecompiledWeb\OnlineBloodBank\"
		Debug.AspNetCompiler.Updateable = "true"
		Debug.AspNetCompiler.ForceOverwrite = "true"
		Debug.AspNetCompiler.FixedNames = "false"
		Debug.AspNetCompiler.Debug = "True"
		Release.AspNetCompiler.VirtualPath = "/OnlineBloodBank"
		Release.AspNetCompiler.PhysicalPath = "..\OnlineBloodBank\"
		Release.AspNetCompiler.TargetPath = "PrecompiledWeb\OnlineBloodBank\"
		Release.AspNetCompiler.Updateable = "true"
		Release.AspNetCompiler.ForceOverwrite = "true"
		Release.AspNetCompiler.FixedNames = "false"
		Release.AspNetCompiler.Debug = "False"
		VWDPort = "19510"
	EndProjectSection
EndProject
Global
	GlobalSection(SolutionConfigurationPlatforms) = preSolution
		Debug|Any CPU = Debug|Any CPU
	EndGlobalSection
	GlobalSection(ProjectConfigurationPlatforms) = postSolution
		{0483BE5A-66F7-488F-AA57-F7B8AA0AC4EF}.Debug|Any CPU.ActiveCfg = Debug|Any CPU
		{0483BE5A-66F7-488F-AA57-F7B8AA0AC4EF}.Debug|Any CPU.Build.0 = Debug|Any CPU
	EndGlobalSection
	GlobalSection(SolutionProperties) = preSolution
		HideSolutionNode = FALSE
	EndGlobalSection
EndGlobal
